{
  "name": "the-light-app",
  "version": "0.1.0",
  "lockfileVersion": 3,
  "requires": true,
  "packages": {
    "": {
      "name": "the-light-app",
      "version": "0.1.0",
      "devDependencies": {
        "uniffi-bindgen-react-native": "0.31.0-3"
      }
    },
    "node_modules/uniffi-bindgen-react-native": {
      "version": "0.31.0-3",
      "resolved": "https://registry.npmjs.org/uniffi-bindgen-react-native/-/uniffi-bindgen-react-native-0.31.0-3.tgz",
      "integrity": "sha512-br7giBJRr/j00rdMXhOZGMGuDWMAVUcxC9O3lco0KRqzEAxUz00+gegPW5tKamvKbrnj7NB682XUCYrcagtxFA==",
      "dev": true,
      "license": "MPL-2.0",
      "bin": {
        "ubrn": "bin/cli.cjs",
        "uniffi-bindgen-react-native": "bin/cli.cjs"
      }
    }
  }
}
